
Microsoft Visual Studio Solution File, Format Version 12.00
# Visual Studio Version 17
VisualStudioVersion = 17.10.35027.167
MinimumVisualStudioVersion = 10.0.40219.1
Project("{FAE04EC0-301F-11D3-BF4B-00C04F79EFBC}") = "PassDataUsingModel", "PassDataUsingModel\PassDataUsingModel.csproj", "{14D828D3-C5D3-40ED-AB0E-D46F4E5CEEAA}"
EndProject
Global
	GlobalSection(SolutionConfigurationPlatforms) = preSolution
		Debug|Any CPU = Debug|Any CPU
		Release|Any CPU = Release|Any CPU
	EndGlobalSection
	GlobalSection(ProjectConfigurationPlatforms) = postSolution
		{14D828D3-C5D3-40ED-AB0E-D46F4E5CEEAA}.Debug|Any CPU.ActiveCfg = Debug|Any CPU
		{14D828D3-C5D3-40ED-AB0E-D46F4E5CEEAA}.Debug|Any CPU.Build.0 = Debug|Any CPU
		{14D828D3-C5D3-40ED-AB0E-D46F4E5CEEAA}.Release|Any CPU.ActiveCfg = Release|Any CPU
		{14D828D3-C5D3-40ED-AB0E-D46F4E5CEEAA}.Release|Any CPU.Build.0 = Release|Any CPU
	EndGlobalSection
	GlobalSection(SolutionProperties) = preSolution
		HideSolutionNode = FALSE
	EndGlobalSection
	GlobalSection(ExtensibilityGlobals) = postSolution
		SolutionGuid = {C5535C44-C242-410A-BE93-4F796FD08CA4}
	EndGlobalSection
EndGlobal
