
Microsoft Visual Studio Solution File, Format Version 12.00
# Visual Studio Version 17
VisualStudioVersion = 17.10.35027.167
MinimumVisualStudioVersion = 10.0.40219.1
Project("{FAE04EC0-301F-11D3-BF4B-00C04F79EFBC}") = "CustomLayoutWithCarousel", "CustomLayoutWithCarousel\CustomLayoutWithCarousel.csproj", "{1AAF3801-854B-4FE2-A9C2-D6CFD63FFFF7}"
EndProject
Global
	GlobalSection(SolutionConfigurationPlatforms) = preSolution
		Debug|Any CPU = Debug|Any CPU
		Release|Any CPU = Release|Any CPU
	EndGlobalSection
	GlobalSection(ProjectConfigurationPlatforms) = postSolution
		{1AAF3801-854B-4FE2-A9C2-D6CFD63FFFF7}.Debug|Any CPU.ActiveCfg = Debug|Any CPU
		{1AAF3801-854B-4FE2-A9C2-D6CFD63FFFF7}.Debug|Any CPU.Build.0 = Debug|Any CPU
		{1AAF3801-854B-4FE2-A9C2-D6CFD63FFFF7}.Release|Any CPU.ActiveCfg = Release|Any CPU
		{1AAF3801-854B-4FE2-A9C2-D6CFD63FFFF7}.Release|Any CPU.Build.0 = Release|Any CPU
	EndGlobalSection
	GlobalSection(SolutionProperties) = preSolution
		HideSolutionNode = FALSE
	EndGlobalSection
	GlobalSection(ExtensibilityGlobals) = postSolution
		SolutionGuid = {8F9DEDB4-4D0D-4323-A6E3-1DE2BB09418A}
	EndGlobalSection
EndGlobal
